<?xml version="1.0" encoding="utf-8"?>
<Project ToolsVersion="4.0" xmlns="http://schemas.microsoft.com/developer/msbuild/2003">
  <ItemGroup>
    <Filter Include="CodePath">
      <UniqueIdentifier>{9dbbf367-af54-43b3-89ae-850c265915e8}</UniqueIdentifier>
    </Filter>
    <Filter Include="Parts">
      <UniqueIdentifier>{aa54cf42-e4b7-4805-b175-004569f1c36a}</UniqueIdentifier>
    </Filter>
    <Filter Include="Modules">
      <UniqueIdentifier>{14c807f9-69c8-44c3-a97e-691400f689ab}</UniqueIdentifier>
    </Filter>
    <Filter Include="Test">
      <UniqueIdentifier>{07de1dca-6dd2-4aa6-95de-4267076cad1f}</UniqueIdentifier>
    </Filter>
    <Filter Include="Generated Files">
      <UniqueIdentifier>{71ED8ED8-ACB9-4CE9-BBE1-E00B30144E11}</UniqueIdentifier>
      <Extensions>moc;h;cpp</Extensions>
      <ParseFiles>true</ParseFiles>
    </Filter>
    <Filter Include="Generated Files\Debug">
      <UniqueIdentifier>{42465439-b9c2-4515-8552-4f04ca721d1f}</UniqueIdentifier>
      <Extensions>cpp;moc</Extensions>
      <SourceControlFiles>False</SourceControlFiles>
    </Filter>
    <Filter Include="Generated Files\Release">
      <UniqueIdentifier>{589be125-b784-42f0-b52f-50d1c2781221}</UniqueIdentifier>
      <Extensions>cpp;moc</Extensions>
      <SourceControlFiles>False</SourceControlFiles>
    </Filter>
    <Filter Include="Resource Files">
      <UniqueIdentifier>{D9D6E242-F8AF-46E4-B9FD-80ECBC20BA3E}</UniqueIdentifier>
      <Extensions>qrc;*</Extensions>
      <ParseFiles>false</ParseFiles>
    </Filter>
    <Filter Include="Form Files">
      <UniqueIdentifier>{99349809-55BA-4b9d-BF79-8FDBB0286EB3}</UniqueIdentifier>
      <Extensions>ui</Extensions>
      <ParseFiles>true</ParseFiles>
    </Filter>
  </ItemGroup>
  <ItemGroup>
    <ClCompile Include="main.cpp">
      <Filter>CodePath</Filter>
    </ClCompile>
    <ClCompile Include="GeneratedFiles\Debug\moc_MainWnd.cpp">
      <Filter>Generated Files\Debug</Filter>
    </ClCompile>
    <ClCompile Include="MainWnd.cpp">
      <Filter>Parts</Filter>
    </ClCompile>
    <ClCompile Include="GeneratedFiles\Release\moc_MainWnd.cpp">
      <Filter>Generated Files\Release</Filter>
    </ClCompile>
    <ClCompile Include="GeneratedFiles\Debug\moc_SpreadSheet.cpp">
      <Filter>Generated Files\Debug</Filter>
    </ClCompile>
    <ClCompile Include="SpreadSheet.cpp">
      <Filter>Parts</Filter>
    </ClCompile>
    <ClCompile Include="GeneratedFiles\Release\moc_SpreadSheet.cpp">
      <Filter>Generated Files\Release</Filter>
    </ClCompile>
    <ClCompile Include="GeneratedFiles\qrc_SpreadSheet.cpp">
      <Filter>Generated Files</Filter>
    </ClCompile>
    <ClCompile Include="FindDialog.cpp">
      <Filter>Parts</Filter>
    </ClCompile>
    <ClCompile Include="GeneratedFiles\Debug\moc_FindDialog.cpp">
      <Filter>Generated Files\Debug</Filter>
    </ClCompile>
    <ClCompile Include="GeneratedFiles\Release\moc_FindDialog.cpp">
      <Filter>Generated Files\Release</Filter>
    </ClCompile>
    <ClCompile Include="SortDialog.cpp">
      <Filter>Parts</Filter>
    </ClCompile>
    <ClCompile Include="GeneratedFiles\Debug\moc_SortDialog.cpp">
      <Filter>Generated Files\Debug</Filter>
    </ClCompile>
    <ClCompile Include="GeneratedFiles\Release\moc_SortDialog.cpp">
      <Filter>Generated Files\Release</Filter>
    </ClCompile>
    <ClCompile Include="GeneratedFiles\Debug\moc_GoToCellDlg.cpp">
      <Filter>Generated Files\Debug</Filter>
    </ClCompile>
    <ClCompile Include="GeneratedFiles\Release\moc_GoToCellDlg.cpp">
      <Filter>Generated Files\Release</Filter>
    </ClCompile>
    <ClCompile Include="GoToCellDlg.cpp">
      <Filter>Parts</Filter>
    </ClCompile>
    <ClCompile Include="Cell.cpp">
      <Filter>Parts</Filter>
    </ClCompile>
  </ItemGroup>
  <ItemGroup>
    <CustomBuild Include="MainWnd.h">
      <Filter>Parts</Filter>
    </CustomBuild>
    <CustomBuild Include="SpreadSheet.h">
      <Filter>Parts</Filter>
    </CustomBuild>
    <CustomBuild Include="SpreadSheet.qrc">
      <Filter>Resource Files</Filter>
    </CustomBuild>
    <CustomBuild Include="FindDialog.h">
      <Filter>Parts</Filter>
    </CustomBuild>
    <CustomBuild Include="SortDialog.h">
      <Filter>Parts</Filter>
    </CustomBuild>
    <CustomBuild Include="SortDialog.ui">
      <Filter>Form Files</Filter>
    </CustomBuild>
    <CustomBuild Include="GoToCellDialog.ui">
      <Filter>Form Files</Filter>
    </CustomBuild>
    <CustomBuild Include="GoToCellDlg.h">
      <Filter>Parts</Filter>
    </CustomBuild>
  </ItemGroup>
  <ItemGroup>
    <Image Include="window_icon.ico">
      <Filter>Resource Files</Filter>
    </Image>
  </ItemGroup>
  <ItemGroup>
    <ResourceCompile Include="SpreadSheet.rc" />
  </ItemGroup>
  <ItemGroup>
    <ClInclude Include="GeneratedFiles\ui_SortDialog.h">
      <Filter>Generated Files</Filter>
    </ClInclude>
    <ClInclude Include="GeneratedFiles\ui_GoToCellDialog.h">
      <Filter>Generated Files</Filter>
    </ClInclude>
    <ClInclude Include="Cell.h">
      <Filter>Parts</Filter>
    </ClInclude>
  </ItemGroup>
</Project>